// !$*UTF8*$!
{
	archiveVersion = 1;
	classes = {
	};
	objectVersion = 46;
	objects = {

/* Begin PBXBuildFile section */
		D8726DD51721FF3500F5AD87 /* tick.aiff in Resources */ = {isa = PBXBuildFile; fileRef = D8726DD41721FF3500F5AD87 /* tick.aiff */; };
		D8726DED17230E8A00F5AD87 /* IISideController.m in Sources */ = {isa = PBXBuildFile; fileRef = D8726DE817230E8A00F5AD87 /* IISideController.m */; };
		D8726DEE17230E8A00F5AD87 /* IIViewDeckController.m in Sources */ = {isa = PBXBuildFile; fileRef = D8726DEA17230E8A00F5AD87 /* IIViewDeckController.m */; };
		D8726DEF17230E8A00F5AD87 /* IIWrapController.m in Sources */ = {isa = PBXBuildFile; fileRef = D8726DEC17230E8A00F5AD87 /* IIWrapController.m */; };
		D8726DF61723111800F5AD87 /* SRLeftViewController.xib in Resources */ = {isa = PBXBuildFile; fileRef = D8726DF01723111800F5AD87 /* SRLeftViewController.xib */; };
		D8726DF71723111800F5AD87 /* SRRightViewController.xib in Resources */ = {isa = PBXBuildFile; fileRef = D8726DF11723111800F5AD87 /* SRRightViewController.xib */; };
		D8726DF81723111800F5AD87 /* SRLeftViewController.m in Sources */ = {isa = PBXBuildFile; fileRef = D8726DF41723111800F5AD87 /* SRLeftViewController.m */; };
		D8726DF91723111800F5AD87 /* SRRightViewController.m in Sources */ = {isa = PBXBuildFile; fileRef = D8726DF51723111800F5AD87 /* SRRightViewController.m */; };
		D8726DFB1723177D00F5AD87 /* QuartzCore.framework in Frameworks */ = {isa = PBXBuildFile; fileRef = D8726DFA1723177D00F5AD87 /* QuartzCore.framework */; };
		D8726DFF1724268B00F5AD87 /* SRHUDViewController.m in Sources */ = {isa = PBXBuildFile; fileRef = D8726DFD1724268A00F5AD87 /* SRHUDViewController.m */; };
		D8726E001724268B00F5AD87 /* SRHUDViewController.xib in Resources */ = {isa = PBXBuildFile; fileRef = D8726DFE1724268A00F5AD87 /* SRHUDViewController.xib */; };
		D8726E0217242BED00F5AD87 /* hudElement.png in Resources */ = {isa = PBXBuildFile; fileRef = D8726E0117242BED00F5AD87 /* hudElement.png */; };
		D8726E0E1724DD7100F5AD87 /* MainColorAnalyticsCell.xib in Resources */ = {isa = PBXBuildFile; fileRef = D8726E0D1724DD7000F5AD87 /* MainColorAnalyticsCell.xib */; };
		D8726E111724DDB500F5AD87 /* MainColorAnalyticsCell.m in Sources */ = {isa = PBXBuildFile; fileRef = D8726E101724DDB500F5AD87 /* MainColorAnalyticsCell.m */; };
		D8726E1F172639FE00F5AD87 /* CityColorAnalyticsCell.xib in Resources */ = {isa = PBXBuildFile; fileRef = D8726E1C172639FC00F5AD87 /* CityColorAnalyticsCell.xib */; };
		D8726E20172639FE00F5AD87 /* CityColorAnalyticsCell.m in Sources */ = {isa = PBXBuildFile; fileRef = D8726E1D172639FD00F5AD87 /* CityColorAnalyticsCell.m */; };
		D8726E2C1728ED6A00F5AD87 /* color.json in Resources */ = {isa = PBXBuildFile; fileRef = D8726E2B1728ED6A00F5AD87 /* color.json */; };
		D8726E311729FDF000F5AD87 /* DesignerColorAnalyticsCell.m in Sources */ = {isa = PBXBuildFile; fileRef = D8726E2E1729FDEE00F5AD87 /* DesignerColorAnalyticsCell.m */; };
		D8726E321729FDF000F5AD87 /* DesignerColorAnalyticsCell.xib in Resources */ = {isa = PBXBuildFile; fileRef = D8726E301729FDF000F5AD87 /* DesignerColorAnalyticsCell.xib */; };
		D8726E36172A002D00F5AD87 /* man.png in Resources */ = {isa = PBXBuildFile; fileRef = D8726E34172A002D00F5AD87 /* man.png */; };
		D8726E37172A002D00F5AD87 /* woman.png in Resources */ = {isa = PBXBuildFile; fileRef = D8726E35172A002D00F5AD87 /* woman.png */; };
		D8726E3B172A317600F5AD87 /* WishListViewController.m in Sources */ = {isa = PBXBuildFile; fileRef = D8726E39172A317200F5AD87 /* WishListViewController.m */; };
		D8726E3C172A317600F5AD87 /* WishListViewController.xib in Resources */ = {isa = PBXBuildFile; fileRef = D8726E3A172A317300F5AD87 /* WishListViewController.xib */; };
		D8FBC25A17209D1700562FCE /* UIKit.framework in Frameworks */ = {isa = PBXBuildFile; fileRef = D8FBC25917209D1700562FCE /* UIKit.framework */; };
		D8FBC25C17209D1700562FCE /* Foundation.framework in Frameworks */ = {isa = PBXBuildFile; fileRef = D8FBC25B17209D1700562FCE /* Foundation.framework */; };
		D8FBC25E17209D1700562FCE /* CoreGraphics.framework in Frameworks */ = {isa = PBXBuildFile; fileRef = D8FBC25D17209D1700562FCE /* CoreGraphics.framework */; };
		D8FBC26417209D1700562FCE /* InfoPlist.strings in Resources */ = {isa = PBXBuildFile; fileRef = D8FBC26217209D1700562FCE /* InfoPlist.strings */; };
		D8FBC26617209D1700562FCE /* main.m in Sources */ = {isa = PBXBuildFile; fileRef = D8FBC26517209D1700562FCE /* main.m */; };
		D8FBC26A17209D1700562FCE /* AppDelegate.m in Sources */ = {isa = PBXBuildFile; fileRef = D8FBC26917209D1700562FCE /* AppDelegate.m */; };
		D8FBC26C17209D1700562FCE /* Default.png in Resources */ = {isa = PBXBuildFile; fileRef = D8FBC26B17209D1700562FCE /* Default.png */; };
		D8FBC26E17209D1700562FCE /* Default@2x.png in Resources */ = {isa = PBXBuildFile; fileRef = D8FBC26D17209D1700562FCE /* Default@2x.png */; };
		D8FBC27017209D1700562FCE /* Default-568h@2x.png in Resources */ = {isa = PBXBuildFile; fileRef = D8FBC26F17209D1700562FCE /* Default-568h@2x.png */; };
		D8FBC27317209D1700562FCE /* ViewController.m in Sources */ = {isa = PBXBuildFile; fileRef = D8FBC27217209D1700562FCE /* ViewController.m */; };
		D8FBC27617209D1700562FCE /* ViewController_iPhone.xib in Resources */ = {isa = PBXBuildFile; fileRef = D8FBC27417209D1700562FCE /* ViewController_iPhone.xib */; };
		D8FBC27917209D1700562FCE /* ViewController_iPad.xib in Resources */ = {isa = PBXBuildFile; fileRef = D8FBC27717209D1700562FCE /* ViewController_iPad.xib */; };
		D8FBC29717209D7E00562FCE /* AFHTTPClient.m in Sources */ = {isa = PBXBuildFile; fileRef = D8FBC28417209D7D00562FCE /* AFHTTPClient.m */; };
		D8FBC29817209D7E00562FCE /* AFHTTPRequestOperation.m in Sources */ = {isa = PBXBuildFile; fileRef = D8FBC28617209D7D00562FCE /* AFHTTPRequestOperation.m */; };
		D8FBC29917209D7E00562FCE /* AFImageRequestOperation.m in Sources */ = {isa = PBXBuildFile; fileRef = D8FBC28817209D7D00562FCE /* AFImageRequestOperation.m */; };
		D8FBC29A17209D7E00562FCE /* AFJSONRequestOperation.m in Sources */ = {isa = PBXBuildFile; fileRef = D8FBC28A17209D7D00562FCE /* AFJSONRequestOperation.m */; };
		D8FBC29B17209D7E00562FCE /* AFNetworkActivityIndicatorManager.m in Sources */ = {isa = PBXBuildFile; fileRef = D8FBC28C17209D7D00562FCE /* AFNetworkActivityIndicatorManager.m */; };
		D8FBC29C17209D7E00562FCE /* AFPropertyListRequestOperation.m in Sources */ = {isa = PBXBuildFile; fileRef = D8FBC28F17209D7D00562FCE /* AFPropertyListRequestOperation.m */; };
		D8FBC29D17209D7E00562FCE /* AFURLConnectionOperation.m in Sources */ = {isa = PBXBuildFile; fileRef = D8FBC29117209D7D00562FCE /* AFURLConnectionOperation.m */; };
		D8FBC29E17209D7E00562FCE /* AFXMLRequestOperation.m in Sources */ = {isa = PBXBuildFile; fileRef = D8FBC29317209D7D00562FCE /* AFXMLRequestOperation.m */; };
		D8FBC29F17209D7E00562FCE /* UIImageView+AFNetworking.m in Sources */ = {isa = PBXBuildFile; fileRef = D8FBC29517209D7D00562FCE /* UIImageView+AFNetworking.m */; };
		D8FBC2AD17209EC900562FCE /* CoreLocation.framework in Frameworks */ = {isa = PBXBuildFile; fileRef = D8FBC2AC17209EC900562FCE /* CoreLocation.framework */; };
		D8FBC2AF17209ED200562FCE /* Security.framework in Frameworks */ = {isa = PBXBuildFile; fileRef = D8FBC2AE17209ED200562FCE /* Security.framework */; };
		D8FBC2B117209ED800562FCE /* SystemConfiguration.framework in Frameworks */ = {isa = PBXBuildFile; fileRef = D8FBC2B017209ED800562FCE /* SystemConfiguration.framework */; };
		D8FBC2B317209EDF00562FCE /* MobileCoreServices.framework in Frameworks */ = {isa = PBXBuildFile; fileRef = D8FBC2B217209EDF00562FCE /* MobileCoreServices.framework */; };
		D8FBC2BA1720A86500562FCE /* sample.png in Resources */ = {isa = PBXBuildFile; fileRef = D8FBC2B91720A86500562FCE /* sample.png */; };
		D8FBC2BD1720B1DD00562FCE /* MagnifierView.m in Sources */ = {isa = PBXBuildFile; fileRef = D8FBC2BC1720B1DD00562FCE /* MagnifierView.m */; };
		D8FBC2D81721F14C00562FCE /* OverlayViewController.m in Sources */ = {isa = PBXBuildFile; fileRef = D8FBC2D61721F14C00562FCE /* OverlayViewController.m */; };
		D8FBC2D91721F14C00562FCE /* OverlayViewController.xib in Resources */ = {isa = PBXBuildFile; fileRef = D8FBC2D71721F14C00562FCE /* OverlayViewController.xib */; };
		D8FBC2DC1721F43D00562FCE /* AudioToolbox.framework in Frameworks */ = {isa = PBXBuildFile; fileRef = D8FBC2DB1721F43D00562FCE /* AudioToolbox.framework */; };
/* End PBXBuildFile section */

/* Begin PBXFileReference section */
		D8726DD41721FF3500F5AD87 /* tick.aiff */ = {isa = PBXFileReference; lastKnownFileType = audio.aiff; path = tick.aiff; sourceTree = "<group>"; };
		D8726DE717230E8A00F5AD87 /* IISideController.h */ = {isa = PBXFileReference; fileEncoding = 4; lastKnownFileType = sourcecode.c.h; path = IISideController.h; sourceTree = "<group>"; };
		D8726DE817230E8A00F5AD87 /* IISideController.m */ = {isa = PBXFileReference; fileEncoding = 4; lastKnownFileType = sourcecode.c.objc; path = IISideController.m; sourceTree = "<group>"; };
		D8726DE917230E8A00F5AD87 /* IIViewDeckController.h */ = {isa = PBXFileReference; fileEncoding = 4; lastKnownFileType = sourcecode.c.h; path = IIViewDeckController.h; sourceTree = "<group>"; };
		D8726DEA17230E8A00F5AD87 /* IIViewDeckController.m */ = {isa = PBXFileReference; fileEncoding = 4; lastKnownFileType = sourcecode.c.objc; path = IIViewDeckController.m; sourceTree = "<group>"; };
		D8726DEB17230E8A00F5AD87 /* IIWrapController.h */ = {isa = PBXFileReference; fileEncoding = 4; lastKnownFileType = sourcecode.c.h; path = IIWrapController.h; sourceTree = "<group>"; };
		D8726DEC17230E8A00F5AD87 /* IIWrapController.m */ = {isa = PBXFileReference; fileEncoding = 4; lastKnownFileType = sourcecode.c.objc; path = IIWrapController.m; sourceTree = "<group>"; };
		D8726DF01723111800F5AD87 /* SRLeftViewController.xib */ = {isa = PBXFileReference; fileEncoding = 4; lastKnownFileType = file.xib; name = SRLeftViewController.xib; path = Classes/SRLeftViewController.xib; sourceTree = "<group>"; };
		D8726DF11723111800F5AD87 /* SRRightViewController.xib */ = {isa = PBXFileReference; fileEncoding = 4; lastKnownFileType = file.xib; name = SRRightViewController.xib; path = Classes/SRRightViewController.xib; sourceTree = "<group>"; };
		D8726DF21723111800F5AD87 /* SRLeftViewController.h */ = {isa = PBXFileReference; fileEncoding = 4; lastKnownFileType = sourcecode.c.h; name = SRLeftViewController.h; path = Classes/SRLeftViewController.h; sourceTree = "<group>"; };
		D8726DF31723111800F5AD87 /* SRRightViewController.h */ = {isa = PBXFileReference; fileEncoding = 4; lastKnownFileType = sourcecode.c.h; name = SRRightViewController.h; path = Classes/SRRightViewController.h; sourceTree = "<group>"; };
		D8726DF41723111800F5AD87 /* SRLeftViewController.m */ = {isa = PBXFileReference; fileEncoding = 4; lastKnownFileType = sourcecode.c.objc; name = SRLeftViewController.m; path = Classes/SRLeftViewController.m; sourceTree = "<group>"; };
		D8726DF51723111800F5AD87 /* SRRightViewController.m */ = {isa = PBXFileReference; fileEncoding = 4; lastKnownFileType = sourcecode.c.objc; name = SRRightViewController.m; path = Classes/SRRightViewController.m; sourceTree = "<group>"; };
		D8726DFA1723177D00F5AD87 /* QuartzCore.framework */ = {isa = PBXFileReference; lastKnownFileType = wrapper.framework; name = QuartzCore.framework; path = System/Library/Frameworks/QuartzCore.framework; sourceTree = SDKROOT; };
		D8726DFC1724268900F5AD87 /* SRHUDViewController.h */ = {isa = PBXFileReference; fileEncoding = 4; lastKnownFileType = sourcecode.c.h; name = SRHUDViewController.h; path = Classes/SRHUDViewController.h; sourceTree = "<group>"; };
		D8726DFD1724268A00F5AD87 /* SRHUDViewController.m */ = {isa = PBXFileReference; fileEncoding = 4; lastKnownFileType = sourcecode.c.objc; name = SRHUDViewController.m; path = Classes/SRHUDViewController.m; sourceTree = "<group>"; };
		D8726DFE1724268A00F5AD87 /* SRHUDViewController.xib */ = {isa = PBXFileReference; fileEncoding = 4; lastKnownFileType = file.xib; name = SRHUDViewController.xib; path = Classes/SRHUDViewController.xib; sourceTree = "<group>"; };
		D8726E0117242BED00F5AD87 /* hudElement.png */ = {isa = PBXFileReference; lastKnownFileType = image.png; path = hudElement.png; sourceTree = "<group>"; };
		D8726E0D1724DD7000F5AD87 /* MainColorAnalyticsCell.xib */ = {isa = PBXFileReference; fileEncoding = 4; lastKnownFileType = file.xib; name = MainColorAnalyticsCell.xib; path = Classes/MainColorAnalyticsCell.xib; sourceTree = "<group>"; };
		D8726E0F1724DDB400F5AD87 /* MainColorAnalyticsCell.h */ = {isa = PBXFileReference; fileEncoding = 4; lastKnownFileType = sourcecode.c.h; name = MainColorAnalyticsCell.h; path = Classes/MainColorAnalyticsCell.h; sourceTree = "<group>"; };
		D8726E101724DDB500F5AD87 /* MainColorAnalyticsCell.m */ = {isa = PBXFileReference; fileEncoding = 4; lastKnownFileType = sourcecode.c.objc; name = MainColorAnalyticsCell.m; path = Classes/MainColorAnalyticsCell.m; sourceTree = "<group>"; };
		D8726E1C172639FC00F5AD87 /* CityColorAnalyticsCell.xib */ = {isa = PBXFileReference; fileEncoding = 4; lastKnownFileType = file.xib; name = CityColorAnalyticsCell.xib; path = Classes/CityColorAnalyticsCell.xib; sourceTree = "<group>"; };
		D8726E1D172639FD00F5AD87 /* CityColorAnalyticsCell.m */ = {isa = PBXFileReference; fileEncoding = 4; lastKnownFileType = sourcecode.c.objc; name = CityColorAnalyticsCell.m; path = Classes/CityColorAnalyticsCell.m; sourceTree = "<group>"; };
		D8726E1E172639FD00F5AD87 /* CityColorAnalyticsCell.h */ = {isa = PBXFileReference; fileEncoding = 4; lastKnownFileType = sourcecode.c.h; name = CityColorAnalyticsCell.h; path = Classes/CityColorAnalyticsCell.h; sourceTree = "<group>"; };
		D8726E2B1728ED6A00F5AD87 /* color.json */ = {isa = PBXFileReference; fileEncoding = 4; lastKnownFileType = text.json; path = color.json; sourceTree = "<group>"; };
		D8726E2E1729FDEE00F5AD87 /* DesignerColorAnalyticsCell.m */ = {isa = PBXFileReference; fileEncoding = 4; lastKnownFileType = sourcecode.c.objc; name = DesignerColorAnalyticsCell.m; path = Classes/DesignerColorAnalyticsCell.m; sourceTree = "<group>"; };
		D8726E2F1729FDEE00F5AD87 /* DesignerColorAnalyticsCell.h */ = {isa = PBXFileReference; fileEncoding = 4; lastKnownFileType = sourcecode.c.h; name = DesignerColorAnalyticsCell.h; path = Classes/DesignerColorAnalyticsCell.h; sourceTree = "<group>"; };
		D8726E301729FDF000F5AD87 /* DesignerColorAnalyticsCell.xib */ = {isa = PBXFileReference; fileEncoding = 4; lastKnownFileType = file.xib; name = DesignerColorAnalyticsCell.xib; path = Classes/DesignerColorAnalyticsCell.xib; sourceTree = "<group>"; };
		D8726E34172A002D00F5AD87 /* man.png */ = {isa = PBXFileReference; lastKnownFileType = image.png; path = man.png; sourceTree = "<group>"; };
		D8726E35172A002D00F5AD87 /* woman.png */ = {isa = PBXFileReference; lastKnownFileType = image.png; path = woman.png; sourceTree = "<group>"; };
		D8726E38172A317100F5AD87 /* WishListViewController.h */ = {isa = PBXFileReference; fileEncoding = 4; lastKnownFileType = sourcecode.c.h; name = WishListViewController.h; path = Classes/WishListViewController.h; sourceTree = "<group>"; };
		D8726E39172A317200F5AD87 /* WishListViewController.m */ = {isa = PBXFileReference; fileEncoding = 4; lastKnownFileType = sourcecode.c.objc; name = WishListViewController.m; path = Classes/WishListViewController.m; sourceTree = "<group>"; };
		D8726E3A172A317300F5AD87 /* WishListViewController.xib */ = {isa = PBXFileReference; fileEncoding = 4; lastKnownFileType = file.xib; name = WishListViewController.xib; path = Classes/WishListViewController.xib; sourceTree = "<group>"; };
		D8FBC25517209D1700562FCE /* HueKnew.app */ = {isa = PBXFileReference; explicitFileType = wrapper.application; includeInIndex = 0; path = HueKnew.app; sourceTree = BUILT_PRODUCTS_DIR; };
		D8FBC25917209D1700562FCE /* UIKit.framework */ = {isa = PBXFileReference; lastKnownFileType = wrapper.framework; name = UIKit.framework; path = System/Library/Frameworks/UIKit.framework; sourceTree = SDKROOT; };
		D8FBC25B17209D1700562FCE /* Foundation.framework */ = {isa = PBXFileReference; lastKnownFileType = wrapper.framework; name = Foundation.framework; path = System/Library/Frameworks/Foundation.framework; sourceTree = SDKROOT; };
		D8FBC25D17209D1700562FCE /* CoreGraphics.framework */ = {isa = PBXFileReference; lastKnownFileType = wrapper.framework; name = CoreGraphics.framework; path = System/Library/Frameworks/CoreGraphics.framework; sourceTree = SDKROOT; };
		D8FBC26117209D1700562FCE /* HueKnew-Info.plist */ = {isa = PBXFileReference; lastKnownFileType = text.plist.xml; path = "HueKnew-Info.plist"; sourceTree = "<group>"; };
		D8FBC26317209D1700562FCE /* en */ = {isa = PBXFileReference; lastKnownFileType = text.plist.strings; name = en; path = en.lproj/InfoPlist.strings; sourceTree = "<group>"; };
		D8FBC26517209D1700562FCE /* main.m */ = {isa = PBXFileReference; lastKnownFileType = sourcecode.c.objc; path = main.m; sourceTree = "<group>"; };
		D8FBC26717209D1700562FCE /* HueKnew-Prefix.pch */ = {isa = PBXFileReference; lastKnownFileType = sourcecode.c.h; path = "HueKnew-Prefix.pch"; sourceTree = "<group>"; };
		D8FBC26817209D1700562FCE /* AppDelegate.h */ = {isa = PBXFileReference; lastKnownFileType = sourcecode.c.h; path = AppDelegate.h; sourceTree = "<group>"; };
		D8FBC26917209D1700562FCE /* AppDelegate.m */ = {isa = PBXFileReference; lastKnownFileType = sourcecode.c.objc; path = AppDelegate.m; sourceTree = "<group>"; };
		D8FBC26B17209D1700562FCE /* Default.png */ = {isa = PBXFileReference; lastKnownFileType = image.png; path = Default.png; sourceTree = "<group>"; };
		D8FBC26D17209D1700562FCE /* Default@2x.png */ = {isa = PBXFileReference; lastKnownFileType = image.png; path = "Default@2x.png"; sourceTree = "<group>"; };
		D8FBC26F17209D1700562FCE /* Default-568h@2x.png */ = {isa = PBXFileReference; lastKnownFileType = image.png; path = "Default-568h@2x.png"; sourceTree = "<group>"; };
		D8FBC27117209D1700562FCE /* ViewController.h */ = {isa = PBXFileReference; lastKnownFileType = sourcecode.c.h; path = ViewController.h; sourceTree = "<group>"; };
		D8FBC27217209D1700562FCE /* ViewController.m */ = {isa = PBXFileReference; lastKnownFileType = sourcecode.c.objc; path = ViewController.m; sourceTree = "<group>"; };
		D8FBC27517209D1700562FCE /* en */ = {isa = PBXFileReference; lastKnownFileType = file.xib; name = en; path = en.lproj/ViewController_iPhone.xib; sourceTree = "<group>"; };
		D8FBC27817209D1700562FCE /* en */ = {isa = PBXFileReference; lastKnownFileType = file.xib; name = en; path = en.lproj/ViewController_iPad.xib; sourceTree = "<group>"; };
		D8FBC28317209D7D00562FCE /* AFHTTPClient.h */ = {isa = PBXFileReference; fileEncoding = 4; lastKnownFileType = sourcecode.c.h; path = AFHTTPClient.h; sourceTree = "<group>"; };
		D8FBC28417209D7D00562FCE /* AFHTTPClient.m */ = {isa = PBXFileReference; fileEncoding = 4; lastKnownFileType = sourcecode.c.objc; path = AFHTTPClient.m; sourceTree = "<group>"; };
		D8FBC28517209D7D00562FCE /* AFHTTPRequestOperation.h */ = {isa = PBXFileReference; fileEncoding = 4; lastKnownFileType = sourcecode.c.h; path = AFHTTPRequestOperation.h; sourceTree = "<group>"; };
		D8FBC28617209D7D00562FCE /* AFHTTPRequestOperation.m */ = {isa = PBXFileReference; fileEncoding = 4; lastKnownFileType = sourcecode.c.objc; path = AFHTTPRequestOperation.m; sourceTree = "<group>"; };
		D8FBC28717209D7D00562FCE /* AFImageRequestOperation.h */ = {isa = PBXFileReference; fileEncoding = 4; lastKnownFileType = sourcecode.c.h; path = AFImageRequestOperation.h; sourceTree = "<group>"; };
		D8FBC28817209D7D00562FCE /* AFImageRequestOperation.m */ = {isa = PBXFileReference; fileEncoding = 4; lastKnownFileType = sourcecode.c.objc; path = AFImageRequestOperation.m; sourceTree = "<group>"; };
		D8FBC28917209D7D00562FCE /* AFJSONRequestOperation.h */ = {isa = PBXFileReference; fileEncoding = 4; lastKnownFileType = sourcecode.c.h; path = AFJSONRequestOperation.h; sourceTree = "<group>"; };
		D8FBC28A17209D7D00562FCE /* AFJSONRequestOperation.m */ = {isa = PBXFileReference; fileEncoding = 4; lastKnownFileType = sourcecode.c.objc; path = AFJSONRequestOperation.m; sourceTree = "<group>"; };
		D8FBC28B17209D7D00562FCE /* AFNetworkActivityIndicatorManager.h */ = {isa = PBXFileReference; fileEncoding = 4; lastKnownFileType = sourcecode.c.h; path = AFNetworkActivityIndicatorManager.h; sourceTree = "<group>"; };
		D8FBC28C17209D7D00562FCE /* AFNetworkActivityIndicatorManager.m */ = {isa = PBXFileReference; fileEncoding = 4; lastKnownFileType = sourcecode.c.objc; path = AFNetworkActivityIndicatorManager.m; sourceTree = "<group>"; };
		D8FBC28D17209D7D00562FCE /* AFNetworking.h */ = {isa = PBXFileReference; fileEncoding = 4; lastKnownFileType = sourcecode.c.h; path = AFNetworking.h; sourceTree = "<group>"; };
		D8FBC28E17209D7D00562FCE /* AFPropertyListRequestOperation.h */ = {isa = PBXFileReference; fileEncoding = 4; lastKnownFileType = sourcecode.c.h; path = AFPropertyListRequestOperation.h; sourceTree = "<group>"; };
		D8FBC28F17209D7D00562FCE /* AFPropertyListRequestOperation.m */ = {isa = PBXFileReference; fileEncoding = 4; lastKnownFileType = sourcecode.c.objc; path = AFPropertyListRequestOperation.m; sourceTree = "<group>"; };
		D8FBC29017209D7D00562FCE /* AFURLConnectionOperation.h */ = {isa = PBXFileReference; fileEncoding = 4; lastKnownFileType = sourcecode.c.h; path = AFURLConnectionOperation.h; sourceTree = "<group>"; };
		D8FBC29117209D7D00562FCE /* AFURLConnectionOperation.m */ = {isa = PBXFileReference; fileEncoding = 4; lastKnownFileType = sourcecode.c.objc; path = AFURLConnectionOperation.m; sourceTree = "<group>"; };
		D8FBC29217209D7D00562FCE /* AFXMLRequestOperation.h */ = {isa = PBXFileReference; fileEncoding = 4; lastKnownFileType = sourcecode.c.h; path = AFXMLRequestOperation.h; sourceTree = "<group>"; };
		D8FBC29317209D7D00562FCE /* AFXMLRequestOperation.m */ = {isa = PBXFileReference; fileEncoding = 4; lastKnownFileType = sourcecode.c.objc; path = AFXMLRequestOperation.m; sourceTree = "<group>"; };
		D8FBC29417209D7D00562FCE /* UIImageView+AFNetworking.h */ = {isa = PBXFileReference; fileEncoding = 4; lastKnownFileType = sourcecode.c.h; path = "UIImageView+AFNetworking.h"; sourceTree = "<group>"; };
		D8FBC29517209D7D00562FCE /* UIImageView+AFNetworking.m */ = {isa = PBXFileReference; fileEncoding = 4; lastKnownFileType = sourcecode.c.objc; path = "UIImageView+AFNetworking.m"; sourceTree = "<group>"; };
		D8FBC2AC17209EC900562FCE /* CoreLocation.framework */ = {isa = PBXFileReference; lastKnownFileType = wrapper.framework; name = CoreLocation.framework; path = System/Library/Frameworks/CoreLocation.framework; sourceTree = SDKROOT; };
		D8FBC2AE17209ED200562FCE /* Security.framework */ = {isa = PBXFileReference; lastKnownFileType = wrapper.framework; name = Security.framework; path = System/Library/Frameworks/Security.framework; sourceTree = SDKROOT; };
		D8FBC2B017209ED800562FCE /* SystemConfiguration.framework */ = {isa = PBXFileReference; lastKnownFileType = wrapper.framework; name = SystemConfiguration.framework; path = System/Library/Frameworks/SystemConfiguration.framework; sourceTree = SDKROOT; };
		D8FBC2B217209EDF00562FCE /* MobileCoreServices.framework */ = {isa = PBXFileReference; lastKnownFileType = wrapper.framework; name = MobileCoreServices.framework; path = System/Library/Frameworks/MobileCoreServices.framework; sourceTree = SDKROOT; };
		D8FBC2B91720A86500562FCE /* sample.png */ = {isa = PBXFileReference; lastKnownFileType = image.png; path = sample.png; sourceTree = "<group>"; };
		D8FBC2BB1720B1DD00562FCE /* MagnifierView.h */ = {isa = PBXFileReference; fileEncoding = 4; lastKnownFileType = sourcecode.c.h; name = MagnifierView.h; path = Classes/MagnifierView.h; sourceTree = "<group>"; };
		D8FBC2BC1720B1DD00562FCE /* MagnifierView.m */ = {isa = PBXFileReference; fileEncoding = 4; lastKnownFileType = sourcecode.c.objc; name = MagnifierView.m; path = Classes/MagnifierView.m; sourceTree = "<group>"; };
		D8FBC2D51721F14C00562FCE /* OverlayViewController.h */ = {isa = PBXFileReference; fileEncoding = 4; lastKnownFileType = sourcecode.c.h; name = OverlayViewController.h; path = Classes/OverlayViewController.h; sourceTree = "<group>"; };
		D8FBC2D61721F14C00562FCE /* OverlayViewController.m */ = {isa = PBXFileReference; fileEncoding = 4; lastKnownFileType = sourcecode.c.objc; name = OverlayViewController.m; path = Classes/OverlayViewController.m; sourceTree = "<group>"; };
		D8FBC2D71721F14C00562FCE /* OverlayViewController.xib */ = {isa = PBXFileReference; fileEncoding = 4; lastKnownFileType = file.xib; name = OverlayViewController.xib; path = Classes/OverlayViewController.xib; sourceTree = "<group>"; };
		D8FBC2DB1721F43D00562FCE /* AudioToolbox.framework */ = {isa = PBXFileReference; lastKnownFileType = wrapper.framework; name = AudioToolbox.framework; path = System/Library/Frameworks/AudioToolbox.framework; sourceTree = SDKROOT; };
/* End PBXFileReference section */

/* Begin PBXFrameworksBuildPhase section */
		D8FBC25217209D1700562FCE /* Frameworks */ = {
			isa = PBXFrameworksBuildPhase;
			buildActionMask = 2147483647;
			files = (
				D8726DFB1723177D00F5AD87 /* QuartzCore.framework in Frameworks */,
				D8FBC2DC1721F43D00562FCE /* AudioToolbox.framework in Frameworks */,
				D8FBC2B317209EDF00562FCE /* MobileCoreServices.framework in Frameworks */,
				D8FBC2B117209ED800562FCE /* SystemConfiguration.framework in Frameworks */,
				D8FBC2AF17209ED200562FCE /* Security.framework in Frameworks */,
				D8FBC2AD17209EC900562FCE /* CoreLocation.framework in Frameworks */,
				D8FBC25A17209D1700562FCE /* UIKit.framework in Frameworks */,
				D8FBC25C17209D1700562FCE /* Foundation.framework in Frameworks */,
				D8FBC25E17209D1700562FCE /* CoreGraphics.framework in Frameworks */,
			);
			runOnlyForDeploymentPostprocessing = 0;
		};
/* End PBXFrameworksBuildPhase section */

/* Begin PBXGroup section */
		D8726DE617230E8A00F5AD87 /* ViewDeck */ = {
			isa = PBXGroup;
			children = (
				D8726DE717230E8A00F5AD87 /* IISideController.h */,
				D8726DE817230E8A00F5AD87 /* IISideController.m */,
				D8726DE917230E8A00F5AD87 /* IIViewDeckController.h */,
				D8726DEA17230E8A00F5AD87 /* IIViewDeckController.m */,
				D8726DEB17230E8A00F5AD87 /* IIWrapController.h */,
				D8726DEC17230E8A00F5AD87 /* IIWrapController.m */,
			);
			path = ViewDeck;
			sourceTree = "<group>";
		};
		D8726E2217263A1900F5AD87 /* Cells */ = {
			isa = PBXGroup;
			children = (
				D8726E0D1724DD7000F5AD87 /* MainColorAnalyticsCell.xib */,
				D8726E0F1724DDB400F5AD87 /* MainColorAnalyticsCell.h */,
				D8726E101724DDB500F5AD87 /* MainColorAnalyticsCell.m */,
				D8726E1C172639FC00F5AD87 /* CityColorAnalyticsCell.xib */,
				D8726E1D172639FD00F5AD87 /* CityColorAnalyticsCell.m */,
				D8726E1E172639FD00F5AD87 /* CityColorAnalyticsCell.h */,
				D8726E2E1729FDEE00F5AD87 /* DesignerColorAnalyticsCell.m */,
				D8726E2F1729FDEE00F5AD87 /* DesignerColorAnalyticsCell.h */,
				D8726E301729FDF000F5AD87 /* DesignerColorAnalyticsCell.xib */,
			);
			name = Cells;
			sourceTree = "<group>";
		};
		D8726E33172A002C00F5AD87 /* icons */ = {
			isa = PBXGroup;
			children = (
				D8726E34172A002D00F5AD87 /* man.png */,
				D8726E35172A002D00F5AD87 /* woman.png */,
			);
			path = icons;
			sourceTree = "<group>";
		};
		D8FBC24A17209D1600562FCE = {
			isa = PBXGroup;
			children = (
				D8726DFA1723177D00F5AD87 /* QuartzCore.framework */,
				D8FBC2DB1721F43D00562FCE /* AudioToolbox.framework */,
				D8FBC2B81720A86500562FCE /* Resources */,
				D8FBC27F17209D7D00562FCE /* Libs */,
				D8FBC25F17209D1700562FCE /* HueKnew */,
				D8FBC25817209D1700562FCE /* Frameworks */,
				D8FBC25617209D1700562FCE /* Products */,
			);
			sourceTree = "<group>";
		};
		D8FBC25617209D1700562FCE /* Products */ = {
			isa = PBXGroup;
			children = (
				D8FBC25517209D1700562FCE /* HueKnew.app */,
			);
			name = Products;
			sourceTree = "<group>";
		};
		D8FBC25817209D1700562FCE /* Frameworks */ = {
			isa = PBXGroup;
			children = (
				D8FBC2B217209EDF00562FCE /* MobileCoreServices.framework */,
				D8FBC2B017209ED800562FCE /* SystemConfiguration.framework */,
				D8FBC2AE17209ED200562FCE /* Security.framework */,
				D8FBC2AC17209EC900562FCE /* CoreLocation.framework */,
				D8FBC25917209D1700562FCE /* UIKit.framework */,
				D8FBC25B17209D1700562FCE /* Foundation.framework */,
				D8FBC25D17209D1700562FCE /* CoreGraphics.framework */,
			);
			name = Frameworks;
			sourceTree = "<group>";
		};
		D8FBC25F17209D1700562FCE /* HueKnew */ = {
			isa = PBXGroup;
			children = (
				D8FBC2BE1720B1E900562FCE /* Classes */,
				D8FBC26817209D1700562FCE /* AppDelegate.h */,
				D8FBC26917209D1700562FCE /* AppDelegate.m */,
				D8FBC27117209D1700562FCE /* ViewController.h */,
				D8FBC27217209D1700562FCE /* ViewController.m */,
				D8FBC27417209D1700562FCE /* ViewController_iPhone.xib */,
				D8FBC27717209D1700562FCE /* ViewController_iPad.xib */,
				D8FBC26017209D1700562FCE /* Supporting Files */,
			);
			path = HueKnew;
			sourceTree = "<group>";
		};
		D8FBC26017209D1700562FCE /* Supporting Files */ = {
			isa = PBXGroup;
			children = (
				D8FBC26117209D1700562FCE /* HueKnew-Info.plist */,
				D8FBC26217209D1700562FCE /* InfoPlist.strings */,
				D8FBC26517209D1700562FCE /* main.m */,
				D8FBC26717209D1700562FCE /* HueKnew-Prefix.pch */,
				D8FBC26B17209D1700562FCE /* Default.png */,
				D8FBC26D17209D1700562FCE /* Default@2x.png */,
				D8FBC26F17209D1700562FCE /* Default-568h@2x.png */,
			);
			name = "Supporting Files";
			sourceTree = "<group>";
		};
		D8FBC27F17209D7D00562FCE /* Libs */ = {
			isa = PBXGroup;
			children = (
				D8726DE617230E8A00F5AD87 /* ViewDeck */,
				D8FBC28017209D7D00562FCE /* AFNetworking */,
			);
			name = Libs;
			path = ../Libs;
			sourceTree = "<group>";
		};
		D8FBC28017209D7D00562FCE /* AFNetworking */ = {
			isa = PBXGroup;
			children = (
				D8FBC28317209D7D00562FCE /* AFHTTPClient.h */,
				D8FBC28417209D7D00562FCE /* AFHTTPClient.m */,
				D8FBC28517209D7D00562FCE /* AFHTTPRequestOperation.h */,
				D8FBC28617209D7D00562FCE /* AFHTTPRequestOperation.m */,
				D8FBC28717209D7D00562FCE /* AFImageRequestOperation.h */,
				D8FBC28817209D7D00562FCE /* AFImageRequestOperation.m */,
				D8FBC28917209D7D00562FCE /* AFJSONRequestOperation.h */,
				D8FBC28A17209D7D00562FCE /* AFJSONRequestOperation.m */,
				D8FBC28B17209D7D00562FCE /* AFNetworkActivityIndicatorManager.h */,
				D8FBC28C17209D7D00562FCE /* AFNetworkActivityIndicatorManager.m */,
				D8FBC28D17209D7D00562FCE /* AFNetworking.h */,
				D8FBC28E17209D7D00562FCE /* AFPropertyListRequestOperation.h */,
				D8FBC28F17209D7D00562FCE /* AFPropertyListRequestOperation.m */,
				D8FBC29017209D7D00562FCE /* AFURLConnectionOperation.h */,
				D8FBC29117209D7D00562FCE /* AFURLConnectionOperation.m */,
				D8FBC29217209D7D00562FCE /* AFXMLRequestOperation.h */,
				D8FBC29317209D7D00562FCE /* AFXMLRequestOperation.m */,
				D8FBC29417209D7D00562FCE /* UIImageView+AFNetworking.h */,
				D8FBC29517209D7D00562FCE /* UIImageView+AFNetworking.m */,
			);
			path = AFNetworking;
			sourceTree = "<group>";
		};
		D8FBC2B81720A86500562FCE /* Resources */ = {
			isa = PBXGroup;
			children = (
				D8726E33172A002C00F5AD87 /* icons */,
				D8726E0117242BED00F5AD87 /* hudElement.png */,
				D8726DD41721FF3500F5AD87 /* tick.aiff */,
				D8FBC2B91720A86500562FCE /* sample.png */,
				D8726E2B1728ED6A00F5AD87 /* color.json */,
			);
			path = Resources;
			sourceTree = "<group>";
		};
		D8FBC2BE1720B1E900562FCE /* Classes */ = {
			isa = PBXGroup;
			children = (
				D8726E2217263A1900F5AD87 /* Cells */,
				D8FBC2D51721F14C00562FCE /* OverlayViewController.h */,
				D8726E38172A317100F5AD87 /* WishListViewController.h */,
				D8726E39172A317200F5AD87 /* WishListViewController.m */,
				D8726E3A172A317300F5AD87 /* WishListViewController.xib */,
				D8FBC2D61721F14C00562FCE /* OverlayViewController.m */,
				D8FBC2D71721F14C00562FCE /* OverlayViewController.xib */,
				D8726DF01723111800F5AD87 /* SRLeftViewController.xib */,
				D8726DF11723111800F5AD87 /* SRRightViewController.xib */,
				D8726DF21723111800F5AD87 /* SRLeftViewController.h */,
				D8726DF41723111800F5AD87 /* SRLeftViewController.m */,
				D8726DF31723111800F5AD87 /* SRRightViewController.h */,
				D8726DF51723111800F5AD87 /* SRRightViewController.m */,
				D8726DFC1724268900F5AD87 /* SRHUDViewController.h */,
				D8726DFD1724268A00F5AD87 /* SRHUDViewController.m */,
				D8726DFE1724268A00F5AD87 /* SRHUDViewController.xib */,
				D8FBC2BB1720B1DD00562FCE /* MagnifierView.h */,
				D8FBC2BC1720B1DD00562FCE /* MagnifierView.m */,
			);
			name = Classes;
			sourceTree = "<group>";
		};
/* End PBXGroup section */

/* Begin PBXNativeTarget section */
		D8FBC25417209D1700562FCE /* HueKnew */ = {
			isa = PBXNativeTarget;
			buildConfigurationList = D8FBC27C17209D1700562FCE /* Build configuration list for PBXNativeTarget "HueKnew" */;
			buildPhases = (
				D8FBC25117209D1700562FCE /* Sources */,
				D8FBC25217209D1700562FCE /* Frameworks */,
				D8FBC25317209D1700562FCE /* Resources */,
			);
			buildRules = (
			);
			dependencies = (
			);
			name = HueKnew;
			productName = HueKnew;
			productReference = D8FBC25517209D1700562FCE /* HueKnew.app */;
			productType = "com.apple.product-type.application";
		};
/* End PBXNativeTarget section */

/* Begin PBXProject section */
		D8FBC24C17209D1600562FCE /* Project object */ = {
			isa = PBXProject;
			attributes = {
				LastUpgradeCheck = 0450;
				ORGANIZATIONNAME = "Shai, Gilad";
			};
			buildConfigurationList = D8FBC24F17209D1600562FCE /* Build configuration list for PBXProject "HueKnew" */;
			compatibilityVersion = "Xcode 3.2";
			developmentRegion = English;
			hasScannedForEncodings = 0;
			knownRegions = (
				en,
			);
			mainGroup = D8FBC24A17209D1600562FCE;
			productRefGroup = D8FBC25617209D1700562FCE /* Products */;
			projectDirPath = "";
			projectRoot = "";
			targets = (
				D8FBC25417209D1700562FCE /* HueKnew */,
			);
		};
/* End PBXProject section */

/* Begin PBXResourcesBuildPhase section */
		D8FBC25317209D1700562FCE /* Resources */ = {
			isa = PBXResourcesBuildPhase;
			buildActionMask = 2147483647;
			files = (
				D8FBC26417209D1700562FCE /* InfoPlist.strings in Resources */,
				D8FBC26C17209D1700562FCE /* Default.png in Resources */,
				D8FBC26E17209D1700562FCE /* Default@2x.png in Resources */,
				D8FBC27017209D1700562FCE /* Default-568h@2x.png in Resources */,
				D8FBC27617209D1700562FCE /* ViewController_iPhone.xib in Resources */,
				D8FBC27917209D1700562FCE /* ViewController_iPad.xib in Resources */,
				D8FBC2BA1720A86500562FCE /* sample.png in Resources */,
				D8FBC2D91721F14C00562FCE /* OverlayViewController.xib in Resources */,
				D8726DD51721FF3500F5AD87 /* tick.aiff in Resources */,
				D8726DF61723111800F5AD87 /* SRLeftViewController.xib in Resources */,
				D8726DF71723111800F5AD87 /* SRRightViewController.xib in Resources */,
				D8726E001724268B00F5AD87 /* SRHUDViewController.xib in Resources */,
				D8726E0217242BED00F5AD87 /* hudElement.png in Resources */,
				D8726E0E1724DD7100F5AD87 /* MainColorAnalyticsCell.xib in Resources */,
				D8726E1F172639FE00F5AD87 /* CityColorAnalyticsCell.xib in Resources */,
				D8726E2C1728ED6A00F5AD87 /* color.json in Resources */,
				D8726E321729FDF000F5AD87 /* DesignerColorAnalyticsCell.xib in Resources */,
				D8726E36172A002D00F5AD87 /* man.png in Resources */,
				D8726E37172A002D00F5AD87 /* woman.png in Resources */,
				D8726E3C172A317600F5AD87 /* WishListViewController.xib in Resources */,
			);
			runOnlyForDeploymentPostprocessing = 0;
		};
/* End PBXResourcesBuildPhase section */

/* Begin PBXSourcesBuildPhase section */
		D8FBC25117209D1700562FCE /* Sources */ = {
			isa = PBXSourcesBuildPhase;
			buildActionMask = 2147483647;
			files = (
				D8FBC26617209D1700562FCE /* main.m in Sources */,
				D8FBC26A17209D1700562FCE /* AppDelegate.m in Sources */,
				D8FBC27317209D1700562FCE /* ViewController.m in Sources */,
				D8FBC29717209D7E00562FCE /* AFHTTPClient.m in Sources */,
				D8FBC29817209D7E00562FCE /* AFHTTPRequestOperation.m in Sources */,
				D8FBC29917209D7E00562FCE /* AFImageRequestOperation.m in Sources */,
				D8FBC29A17209D7E00562FCE /* AFJSONRequestOperation.m in Sources */,
				D8FBC29B17209D7E00562FCE /* AFNetworkActivityIndicatorManager.m in Sources */,
				D8FBC29C17209D7E00562FCE /* AFPropertyListRequestOperation.m in Sources */,
				D8FBC29D17209D7E00562FCE /* AFURLConnectionOperation.m in Sources */,
				D8FBC29E17209D7E00562FCE /* AFXMLRequestOperation.m in Sources */,
				D8FBC29F17209D7E00562FCE /* UIImageView+AFNetworking.m in Sources */,
				D8FBC2BD1720B1DD00562FCE /* MagnifierView.m in Sources */,
				D8FBC2D81721F14C00562FCE /* OverlayViewController.m in Sources */,
				D8726DED17230E8A00F5AD87 /* IISideController.m in Sources */,
				D8726DEE17230E8A00F5AD87 /* IIViewDeckController.m in Sources */,
				D8726DEF17230E8A00F5AD87 /* IIWrapController.m in Sources */,
				D8726DF81723111800F5AD87 /* SRLeftViewController.m in Sources */,
				D8726DF91723111800F5AD87 /* SRRightViewController.m in Sources */,
				D8726DFF1724268B00F5AD87 /* SRHUDViewController.m in Sources */,
				D8726E111724DDB500F5AD87 /* MainColorAnalyticsCell.m in Sources */,
				D8726E20172639FE00F5AD87 /* CityColorAnalyticsCell.m in Sources */,
				D8726E311729FDF000F5AD87 /* DesignerColorAnalyticsCell.m in Sources */,
				D8726E3B172A317600F5AD87 /* WishListViewController.m in Sources */,
			);
			runOnlyForDeploymentPostprocessing = 0;
		};
/* End PBXSourcesBuildPhase section */

/* Begin PBXVariantGroup section */
		D8FBC26217209D1700562FCE /* InfoPlist.strings */ = {
			isa = PBXVariantGroup;
			children = (
				D8FBC26317209D1700562FCE /* en */,
			);
			name = InfoPlist.strings;
			sourceTree = "<group>";
		};
		D8FBC27417209D1700562FCE /* ViewController_iPhone.xib */ = {
			isa = PBXVariantGroup;
			children = (
				D8FBC27517209D1700562FCE /* en */,
			);
			name = ViewController_iPhone.xib;
			sourceTree = "<group>";
		};
		D8FBC27717209D1700562FCE /* ViewController_iPad.xib */ = {
			isa = PBXVariantGroup;
			children = (
				D8FBC27817209D1700562FCE /* en */,
			);
			name = ViewController_iPad.xib;
			sourceTree = "<group>";
		};
/* End PBXVariantGroup section */

/* Begin XCBuildConfiguration section */
		D8FBC27A17209D1700562FCE /* Debug */ = {
			isa = XCBuildConfiguration;
			buildSettings = {
				ALWAYS_SEARCH_USER_PATHS = NO;
				CLANG_CXX_LANGUAGE_STANDARD = "gnu++0x";
				CLANG_CXX_LIBRARY = "libc++";
				CLANG_ENABLE_OBJC_ARC = YES;
				CLANG_WARN_EMPTY_BODY = YES;
				CLANG_WARN__DUPLICATE_METHOD_MATCH = YES;
				CODE_SIGN_IDENTITY = "iPhone Developer";
				"CODE_SIGN_IDENTITY[sdk=iphoneos*]" = "iPhone Developer";
				COPY_PHASE_STRIP = NO;
				GCC_C_LANGUAGE_STANDARD = gnu99;
				GCC_DYNAMIC_NO_PIC = NO;
				GCC_OPTIMIZATION_LEVEL = 0;
				GCC_PREPROCESSOR_DEFINITIONS = (
					"DEBUG=1",
					"$(inherited)",
				);
				GCC_SYMBOLS_PRIVATE_EXTERN = NO;
				GCC_WARN_ABOUT_RETURN_TYPE = YES;
				GCC_WARN_UNINITIALIZED_AUTOS = YES;
				GCC_WARN_UNUSED_VARIABLE = YES;
				IPHONEOS_DEPLOYMENT_TARGET = 5.0;
				ONLY_ACTIVE_ARCH = YES;
				PROVISIONING_PROFILE = "";
				SDKROOT = iphoneos;
				TARGETED_DEVICE_FAMILY = "1,2";
			};
			name = Debug;
		};
		D8FBC27B17209D1700562FCE /* Release */ = {
			isa = XCBuildConfiguration;
			buildSettings = {
				ALWAYS_SEARCH_USER_PATHS = NO;
				CLANG_CXX_LANGUAGE_STANDARD = "gnu++0x";
				CLANG_CXX_LIBRARY = "libc++";
				CLANG_ENABLE_OBJC_ARC = YES;
				CLANG_WARN_EMPTY_BODY = YES;
				CLANG_WARN__DUPLICATE_METHOD_MATCH = YES;
				"CODE_SIGN_IDENTITY[sdk=iphoneos*]" = "";
				COPY_PHASE_STRIP = YES;
				GCC_C_LANGUAGE_STANDARD = gnu99;
				GCC_WARN_ABOUT_RETURN_TYPE = YES;
				GCC_WARN_UNINITIALIZED_AUTOS = YES;
				GCC_WARN_UNUSED_VARIABLE = YES;
				IPHONEOS_DEPLOYMENT_TARGET = 5.0;
				OTHER_CFLAGS = "-DNS_BLOCK_ASSERTIONS=1";
				SDKROOT = iphoneos;
				TARGETED_DEVICE_FAMILY = "1,2";
				VALIDATE_PRODUCT = YES;
			};
			name = Release;
		};
		D8FBC27D17209D1700562FCE /* Debug */ = {
			isa = XCBuildConfiguration;
			buildSettings = {
				"CODE_SIGN_IDENTITY[sdk=*]" = "iPhone Developer";
				GCC_PRECOMPILE_PREFIX_HEADER = YES;
				GCC_PREFIX_HEADER = "HueKnew/HueKnew-Prefix.pch";
				INFOPLIST_FILE = "HueKnew/HueKnew-Info.plist";
				IPHONEOS_DEPLOYMENT_TARGET = 5.0;
				PRODUCT_NAME = "$(TARGET_NAME)";
				"PROVISIONING_PROFILE[sdk=*]" = "";
				WRAPPER_EXTENSION = app;
			};
			name = Debug;
		};
		D8FBC27E17209D1700562FCE /* Release */ = {
			isa = XCBuildConfiguration;
			buildSettings = {
				CODE_SIGN_IDENTITY = "iPhone Distribution";
				"CODE_SIGN_IDENTITY[sdk=iphoneos*]" = "iPhone Distribution";
				GCC_PRECOMPILE_PREFIX_HEADER = YES;
				GCC_PREFIX_HEADER = "HueKnew/HueKnew-Prefix.pch";
				INFOPLIST_FILE = "HueKnew/HueKnew-Info.plist";
				IPHONEOS_DEPLOYMENT_TARGET = 5.0;
				PRODUCT_NAME = "$(TARGET_NAME)";
				PROVISIONING_PROFILE = "";
				"PROVISIONING_PROFILE[sdk=iphoneos*]" = "";
				WRAPPER_EXTENSION = app;
			};
			name = Release;
		};
/* End XCBuildConfiguration section */

/* Begin XCConfigurationList section */
		D8FBC24F17209D1600562FCE /* Build configuration list for PBXProject "HueKnew" */ = {
			isa = XCConfigurationList;
			buildConfigurations = (
				D8FBC27A17209D1700562FCE /* Debug */,
				D8FBC27B17209D1700562FCE /* Release */,
			);
			defaultConfigurationIsVisible = 0;
			defaultConfigurationName = Debug;
		};
		D8FBC27C17209D1700562FCE /* Build configuration list for PBXNativeTarget "HueKnew" */ = {
			isa = XCConfigurationList;
			buildConfigurations = (
				D8FBC27D17209D1700562FCE /* Debug */,
				D8FBC27E17209D1700562FCE /* Release */,
			);
			defaultConfigurationIsVisible = 0;
			defaultConfigurationName = Debug;
		};
/* End XCConfigurationList section */
	};
	rootObject = D8FBC24C17209D1600562FCE /* Project object */;
}
